
Microsoft Visual Studio Solution File, Format Version 12.00
# Visual Studio 14
VisualStudioVersion = 14.0.23107.0
MinimumVisualStudioVersion = 10.0.40219.1
Project("{FAE04EC0-301F-11D3-BF4B-00C04F79EFBC}") = "ChangeCalculator", "ChangeCalculator\ChangeCalculator.csproj", "{08378F34-CC7D-47EB-A7A1-7071CE0C504D}"
EndProject
Global
	GlobalSection(SolutionConfigurationPlatforms) = preSolution
		Debug|Any CPU = Debug|Any CPU
		Release|Any CPU = Release|Any CPU
	EndGlobalSection
	GlobalSection(ProjectConfigurationPlatforms) = postSolution
		{08378F34-CC7D-47EB-A7A1-7071CE0C504D}.Debug|Any CPU.ActiveCfg = Debug|Any CPU
		{08378F34-CC7D-47EB-A7A1-7071CE0C504D}.Debug|Any CPU.Build.0 = Debug|Any CPU
		{08378F34-CC7D-47EB-A7A1-7071CE0C504D}.Release|Any CPU.ActiveCfg = Release|Any CPU
		{08378F34-CC7D-47EB-A7A1-7071CE0C504D}.Release|Any CPU.Build.0 = Release|Any CPU
	EndGlobalSection
	GlobalSection(SolutionProperties) = preSolution
		HideSolutionNode = FALSE
	EndGlobalSection
EndGlobal
