
Microsoft Visual Studio Solution File, Format Version 12.00
# Visual Studio 15
VisualStudioVersion = 15.0.27130.2010
MinimumVisualStudioVersion = 10.0.40219.1
Project("{FAE04EC0-301F-11D3-BF4B-00C04F79EFBC}") = "WebApplication1", "WebApplication1\WebApplication1.csproj", "{AC0A099E-D2F9-4B46-921B-760970C71DBC}"
EndProject
Global
	GlobalSection(SolutionConfigurationPlatforms) = preSolution
		Debug|Any CPU = Debug|Any CPU
		Release|Any CPU = Release|Any CPU
	EndGlobalSection
	GlobalSection(ProjectConfigurationPlatforms) = postSolution
		{AC0A099E-D2F9-4B46-921B-760970C71DBC}.Debug|Any CPU.ActiveCfg = Debug|Any CPU
		{AC0A099E-D2F9-4B46-921B-760970C71DBC}.Debug|Any CPU.Build.0 = Debug|Any CPU
		{AC0A099E-D2F9-4B46-921B-760970C71DBC}.Release|Any CPU.ActiveCfg = Release|Any CPU
		{AC0A099E-D2F9-4B46-921B-760970C71DBC}.Release|Any CPU.Build.0 = Release|Any CPU
	EndGlobalSection
	GlobalSection(SolutionProperties) = preSolution
		HideSolutionNode = FALSE
	EndGlobalSection
	GlobalSection(ExtensibilityGlobals) = postSolution
		SolutionGuid = {6F0D8D28-6706-4706-9D99-AB48F1094938}
	EndGlobalSection
EndGlobal
